
Microsoft Visual Studio Solution File, Format Version 12.00
# Visual Studio Version 16
VisualStudioVersion = 16.0.30104.148
MinimumVisualStudioVersion = 10.0.40219.1
Project("{9A19103F-16F7-4668-BE54-9A1E7A4F7556}") = "Wegister", "Wegister\Wegister.csproj", "{DC03AF34-CFF3-403C-BD39-3CC6784F02A3}"
EndProject
Project("{9A19103F-16F7-4668-BE54-9A1E7A4F7556}") = "Wegister.DAL", "Wegister.DAL\Wegister.DAL.csproj", "{20A19328-944B-43CD-B960-F1F4A148ACE8}"
EndProject
Project("{9A19103F-16F7-4668-BE54-9A1E7A4F7556}") = "Wegister.Models", "Wegister.Models\Wegister.Models.csproj", "{33EB9324-C88F-474C-9559-F7DA834922DB}"
EndProject
Project("{9A19103F-16F7-4668-BE54-9A1E7A4F7556}") = "Wegister.BLL", "Wegister.BLL\Wegister.BLL.csproj", "{D0628F92-CBD0-42F7-B563-F75A753CEA0C}"
EndProject
Project("{9A19103F-16F7-4668-BE54-9A1E7A4F7556}") = "Wegister.DAL.XTest", "Wegister.DAL.XTest\Wegister.DAL.XTest.csproj", "{22D893DD-439B-432D-8EF4-334D24D9634F}"
EndProject
Project("{9A19103F-16F7-4668-BE54-9A1E7A4F7556}") = "Wegister.Exceptions", "Wegister.Exceptions\Wegister.Exceptions.csproj", "{B4A5B675-AB51-4CAA-B817-95874E4E216D}"
EndProject
Project("{9A19103F-16F7-4668-BE54-9A1E7A4F7556}") = "Wegister.BLL.XTest", "Wegister.BLL.XTest\Wegister.BLL.XTest.csproj", "{8A54AA3C-92CA-4084-8FA7-1BDE93EC0816}"
EndProject
Project("{FAE04EC0-301F-11D3-BF4B-00C04F79EFBC}") = "Wegister.Viewmodels", "Wegister.Viewmodels\Wegister.Viewmodels.csproj", "{15277D47-D81F-4339-BEBF-7E6CFEAE9B9D}"
EndProject
Global
	GlobalSection(SolutionConfigurationPlatforms) = preSolution
		Debug|Any CPU = Debug|Any CPU
		Release|Any CPU = Release|Any CPU
	EndGlobalSection
	GlobalSection(ProjectConfigurationPlatforms) = postSolution
		{DC03AF34-CFF3-403C-BD39-3CC6784F02A3}.Debug|Any CPU.ActiveCfg = Debug|Any CPU
		{DC03AF34-CFF3-403C-BD39-3CC6784F02A3}.Debug|Any CPU.Build.0 = Debug|Any CPU
		{DC03AF34-CFF3-403C-BD39-3CC6784F02A3}.Release|Any CPU.ActiveCfg = Release|Any CPU
		{DC03AF34-CFF3-403C-BD39-3CC6784F02A3}.Release|Any CPU.Build.0 = Release|Any CPU
		{20A19328-944B-43CD-B960-F1F4A148ACE8}.Debug|Any CPU.ActiveCfg = Debug|Any CPU
		{20A19328-944B-43CD-B960-F1F4A148ACE8}.Debug|Any CPU.Build.0 = Debug|Any CPU
		{20A19328-944B-43CD-B960-F1F4A148ACE8}.Release|Any CPU.ActiveCfg = Release|Any CPU
		{20A19328-944B-43CD-B960-F1F4A148ACE8}.Release|Any CPU.Build.0 = Release|Any CPU
		{33EB9324-C88F-474C-9559-F7DA834922DB}.Debug|Any CPU.ActiveCfg = Debug|Any CPU
		{33EB9324-C88F-474C-9559-F7DA834922DB}.Debug|Any CPU.Build.0 = Debug|Any CPU
		{33EB9324-C88F-474C-9559-F7DA834922DB}.Release|Any CPU.ActiveCfg = Release|Any CPU
		{33EB9324-C88F-474C-9559-F7DA834922DB}.Release|Any CPU.Build.0 = Release|Any CPU
		{D0628F92-CBD0-42F7-B563-F75A753CEA0C}.Debug|Any CPU.ActiveCfg = Debug|Any CPU
		{D0628F92-CBD0-42F7-B563-F75A753CEA0C}.Debug|Any CPU.Build.0 = Debug|Any CPU
		{D0628F92-CBD0-42F7-B563-F75A753CEA0C}.Release|Any CPU.ActiveCfg = Release|Any CPU
		{D0628F92-CBD0-42F7-B563-F75A753CEA0C}.Release|Any CPU.Build.0 = Release|Any CPU
		{22D893DD-439B-432D-8EF4-334D24D9634F}.Debug|Any CPU.ActiveCfg = Debug|Any CPU
		{22D893DD-439B-432D-8EF4-334D24D9634F}.Debug|Any CPU.Build.0 = Debug|Any CPU
		{22D893DD-439B-432D-8EF4-334D24D9634F}.Release|Any CPU.ActiveCfg = Release|Any CPU
		{22D893DD-439B-432D-8EF4-334D24D9634F}.Release|Any CPU.Build.0 = Release|Any CPU
		{B4A5B675-AB51-4CAA-B817-95874E4E216D}.Debug|Any CPU.ActiveCfg = Debug|Any CPU
		{B4A5B675-AB51-4CAA-B817-95874E4E216D}.Debug|Any CPU.Build.0 = Debug|Any CPU
		{B4A5B675-AB51-4CAA-B817-95874E4E216D}.Release|Any CPU.ActiveCfg = Release|Any CPU
		{B4A5B675-AB51-4CAA-B817-95874E4E216D}.Release|Any CPU.Build.0 = Release|Any CPU
		{8A54AA3C-92CA-4084-8FA7-1BDE93EC0816}.Debug|Any CPU.ActiveCfg = Debug|Any CPU
		{8A54AA3C-92CA-4084-8FA7-1BDE93EC0816}.Debug|Any CPU.Build.0 = Debug|Any CPU
		{8A54AA3C-92CA-4084-8FA7-1BDE93EC0816}.Release|Any CPU.ActiveCfg = Release|Any CPU
		{8A54AA3C-92CA-4084-8FA7-1BDE93EC0816}.Release|Any CPU.Build.0 = Release|Any CPU
		{15277D47-D81F-4339-BEBF-7E6CFEAE9B9D}.Debug|Any CPU.ActiveCfg = Debug|Any CPU
		{15277D47-D81F-4339-BEBF-7E6CFEAE9B9D}.Debug|Any CPU.Build.0 = Debug|Any CPU
		{15277D47-D81F-4339-BEBF-7E6CFEAE9B9D}.Release|Any CPU.ActiveCfg = Release|Any CPU
		{15277D47-D81F-4339-BEBF-7E6CFEAE9B9D}.Release|Any CPU.Build.0 = Release|Any CPU
	EndGlobalSection
	GlobalSection(SolutionProperties) = preSolution
		HideSolutionNode = FALSE
	EndGlobalSection
	GlobalSection(ExtensibilityGlobals) = postSolution
		SolutionGuid = {B8BB1C26-3C6F-4223-8061-E1EF5B19B065}
	EndGlobalSection
EndGlobal
